
Microsoft Visual Studio Solution File, Format Version 12.00
# Visual Studio Version 17
VisualStudioVersion = 17.7.34031.279
MinimumVisualStudioVersion = 10.0.40219.1
Project("{FAE04EC0-301F-11D3-BF4B-00C04F79EFBC}") = "Programa4-capitulo6", "Programa4-capitulo6.csproj", "{305F5926-A3FA-4D8A-9F73-DE64862D3E44}"
EndProject
Global
	GlobalSection(SolutionConfigurationPlatforms) = preSolution
		Debug|Any CPU = Debug|Any CPU
		Release|Any CPU = Release|Any CPU
	EndGlobalSection
	GlobalSection(ProjectConfigurationPlatforms) = postSolution
		{305F5926-A3FA-4D8A-9F73-DE64862D3E44}.Debug|Any CPU.ActiveCfg = Debug|Any CPU
		{305F5926-A3FA-4D8A-9F73-DE64862D3E44}.Debug|Any CPU.Build.0 = Debug|Any CPU
		{305F5926-A3FA-4D8A-9F73-DE64862D3E44}.Release|Any CPU.ActiveCfg = Release|Any CPU
		{305F5926-A3FA-4D8A-9F73-DE64862D3E44}.Release|Any CPU.Build.0 = Release|Any CPU
	EndGlobalSection
	GlobalSection(SolutionProperties) = preSolution
		HideSolutionNode = FALSE
	EndGlobalSection
	GlobalSection(ExtensibilityGlobals) = postSolution
		SolutionGuid = {2F57A8CC-9769-4C31-B792-98C02B90B33C}
	EndGlobalSection
EndGlobal
